
Microsoft Visual Studio Solution File, Format Version 12.00
# Visual Studio Version 16
VisualStudioVersion = 16.0.29025.244
MinimumVisualStudioVersion = 10.0.40219.1
Project("{9A19103F-16F7-4668-BE54-9A1E7A4F7556}") = "Programming.DataStructure", "..\Programming.DataStructure\Programming.DataStructure.csproj", "{2C3E4D06-4317-413A-A25C-04C4541369D3}"
EndProject
Project("{9A19103F-16F7-4668-BE54-9A1E7A4F7556}") = "Programming.DataStructure.UnitTests", "..\Programming.DataStructure.UnitTests\Programming.DataStructure.UnitTests.csproj", "{2F4ED1F9-B4DE-4300-A4A9-E85A4545860A}"
EndProject
Global
	GlobalSection(SolutionConfigurationPlatforms) = preSolution
		Debug|Any CPU = Debug|Any CPU
		Release|Any CPU = Release|Any CPU
	EndGlobalSection
	GlobalSection(ProjectConfigurationPlatforms) = postSolution
		{2C3E4D06-4317-413A-A25C-04C4541369D3}.Debug|Any CPU.ActiveCfg = Debug|Any CPU
		{2C3E4D06-4317-413A-A25C-04C4541369D3}.Debug|Any CPU.Build.0 = Debug|Any CPU
		{2C3E4D06-4317-413A-A25C-04C4541369D3}.Release|Any CPU.ActiveCfg = Release|Any CPU
		{2C3E4D06-4317-413A-A25C-04C4541369D3}.Release|Any CPU.Build.0 = Release|Any CPU
		{2F4ED1F9-B4DE-4300-A4A9-E85A4545860A}.Debug|Any CPU.ActiveCfg = Debug|Any CPU
		{2F4ED1F9-B4DE-4300-A4A9-E85A4545860A}.Debug|Any CPU.Build.0 = Debug|Any CPU
		{2F4ED1F9-B4DE-4300-A4A9-E85A4545860A}.Release|Any CPU.ActiveCfg = Release|Any CPU
		{2F4ED1F9-B4DE-4300-A4A9-E85A4545860A}.Release|Any CPU.Build.0 = Release|Any CPU
	EndGlobalSection
	GlobalSection(SolutionProperties) = preSolution
		HideSolutionNode = FALSE
	EndGlobalSection
	GlobalSection(ExtensibilityGlobals) = postSolution
		SolutionGuid = {68F4C0E9-B88E-4B99-8D48-1FAFB35E2176}
	EndGlobalSection
EndGlobal
